
Microsoft Visual Studio Solution File, Format Version 12.00
Project("{FAE04EC0-301F-11D3-BF4B-00C04F79EFBC}") = "CleanArchMvc.Domain", "CleanArchMvc.Domain\CleanArchMvc.Domain.csproj", "{169390B0-6535-49D8-961D-441D2B35DC6B}"
EndProject
Project("{FAE04EC0-301F-11D3-BF4B-00C04F79EFBC}") = "CleanArchMvc.Application", "CleanArchMvc.Application\CleanArchMvc.Application.csproj", "{226ED1C3-9F06-4847-8DEF-209EFAC6A6CB}"
EndProject
Global
	GlobalSection(SolutionConfigurationPlatforms) = preSolution
		Debug|Any CPU = Debug|Any CPU
		Release|Any CPU = Release|Any CPU
	EndGlobalSection
	GlobalSection(ProjectConfigurationPlatforms) = postSolution
		{169390B0-6535-49D8-961D-441D2B35DC6B}.Debug|Any CPU.ActiveCfg = Debug|Any CPU
		{169390B0-6535-49D8-961D-441D2B35DC6B}.Debug|Any CPU.Build.0 = Debug|Any CPU
		{169390B0-6535-49D8-961D-441D2B35DC6B}.Release|Any CPU.ActiveCfg = Release|Any CPU
		{169390B0-6535-49D8-961D-441D2B35DC6B}.Release|Any CPU.Build.0 = Release|Any CPU
		{226ED1C3-9F06-4847-8DEF-209EFAC6A6CB}.Debug|Any CPU.ActiveCfg = Debug|Any CPU
		{226ED1C3-9F06-4847-8DEF-209EFAC6A6CB}.Debug|Any CPU.Build.0 = Debug|Any CPU
		{226ED1C3-9F06-4847-8DEF-209EFAC6A6CB}.Release|Any CPU.ActiveCfg = Release|Any CPU
		{226ED1C3-9F06-4847-8DEF-209EFAC6A6CB}.Release|Any CPU.Build.0 = Release|Any CPU
	EndGlobalSection
EndGlobal
